
Microsoft Visual Studio Solution File, Format Version 12.00
# Visual Studio Version 16
VisualStudioVersion = 16.0.30611.23
MinimumVisualStudioVersion = 10.0.40219.1
Project("{FAE04EC0-301F-11D3-BF4B-00C04F79EFBC}") = "timechecker.Android", "timechecker.Android\timechecker.Android.csproj", "{F7072827-9195-41C0-9EB8-E7D00AB20999}"
EndProject
Project("{FAE04EC0-301F-11D3-BF4B-00C04F79EFBC}") = "timechecker.iOS", "timechecker.iOS\timechecker.iOS.csproj", "{896D40B3-FB5C-4E68-AFAA-C285DE9CB05E}"
EndProject
Project("{FAE04EC0-301F-11D3-BF4B-00C04F79EFBC}") = "timechecker", "timechecker\timechecker.csproj", "{FCDD0985-E392-4156-9CC0-D460D75FA134}"
EndProject
Global
	GlobalSection(SolutionConfigurationPlatforms) = preSolution
		Debug|Any CPU = Debug|Any CPU
		Debug|iPhone = Debug|iPhone
		Debug|iPhoneSimulator = Debug|iPhoneSimulator
		Release|Any CPU = Release|Any CPU
		Release|iPhone = Release|iPhone
		Release|iPhoneSimulator = Release|iPhoneSimulator
	EndGlobalSection
	GlobalSection(ProjectConfigurationPlatforms) = postSolution
		{F7072827-9195-41C0-9EB8-E7D00AB20999}.Debug|Any CPU.ActiveCfg = Debug|Any CPU
		{F7072827-9195-41C0-9EB8-E7D00AB20999}.Debug|Any CPU.Build.0 = Debug|Any CPU
		{F7072827-9195-41C0-9EB8-E7D00AB20999}.Debug|Any CPU.Deploy.0 = Debug|Any CPU
		{F7072827-9195-41C0-9EB8-E7D00AB20999}.Debug|iPhone.ActiveCfg = Debug|Any CPU
		{F7072827-9195-41C0-9EB8-E7D00AB20999}.Debug|iPhone.Build.0 = Debug|Any CPU
		{F7072827-9195-41C0-9EB8-E7D00AB20999}.Debug|iPhone.Deploy.0 = Debug|Any CPU
		{F7072827-9195-41C0-9EB8-E7D00AB20999}.Debug|iPhoneSimulator.ActiveCfg = Debug|Any CPU
		{F7072827-9195-41C0-9EB8-E7D00AB20999}.Debug|iPhoneSimulator.Build.0 = Debug|Any CPU
		{F7072827-9195-41C0-9EB8-E7D00AB20999}.Debug|iPhoneSimulator.Deploy.0 = Debug|Any CPU
		{F7072827-9195-41C0-9EB8-E7D00AB20999}.Release|Any CPU.ActiveCfg = Release|Any CPU
		{F7072827-9195-41C0-9EB8-E7D00AB20999}.Release|Any CPU.Build.0 = Release|Any CPU
		{F7072827-9195-41C0-9EB8-E7D00AB20999}.Release|Any CPU.Deploy.0 = Release|Any CPU
		{F7072827-9195-41C0-9EB8-E7D00AB20999}.Release|iPhone.ActiveCfg = Release|Any CPU
		{F7072827-9195-41C0-9EB8-E7D00AB20999}.Release|iPhone.Build.0 = Release|Any CPU
		{F7072827-9195-41C0-9EB8-E7D00AB20999}.Release|iPhone.Deploy.0 = Release|Any CPU
		{F7072827-9195-41C0-9EB8-E7D00AB20999}.Release|iPhoneSimulator.ActiveCfg = Release|Any CPU
		{F7072827-9195-41C0-9EB8-E7D00AB20999}.Release|iPhoneSimulator.Build.0 = Release|Any CPU
		{F7072827-9195-41C0-9EB8-E7D00AB20999}.Release|iPhoneSimulator.Deploy.0 = Release|Any CPU
		{896D40B3-FB5C-4E68-AFAA-C285DE9CB05E}.Debug|Any CPU.ActiveCfg = Debug|iPhone
		{896D40B3-FB5C-4E68-AFAA-C285DE9CB05E}.Debug|Any CPU.Build.0 = Debug|iPhone
		{896D40B3-FB5C-4E68-AFAA-C285DE9CB05E}.Debug|Any CPU.Deploy.0 = Debug|iPhone
		{896D40B3-FB5C-4E68-AFAA-C285DE9CB05E}.Debug|iPhone.ActiveCfg = Debug|iPhone
		{896D40B3-FB5C-4E68-AFAA-C285DE9CB05E}.Debug|iPhone.Build.0 = Debug|iPhone
		{896D40B3-FB5C-4E68-AFAA-C285DE9CB05E}.Debug|iPhone.Deploy.0 = Debug|iPhone
		{896D40B3-FB5C-4E68-AFAA-C285DE9CB05E}.Debug|iPhoneSimulator.ActiveCfg = Debug|iPhoneSimulator
		{896D40B3-FB5C-4E68-AFAA-C285DE9CB05E}.Debug|iPhoneSimulator.Build.0 = Debug|iPhoneSimulator
		{896D40B3-FB5C-4E68-AFAA-C285DE9CB05E}.Debug|iPhoneSimulator.Deploy.0 = Debug|iPhoneSimulator
		{896D40B3-FB5C-4E68-AFAA-C285DE9CB05E}.Release|Any CPU.ActiveCfg = Release|iPhoneSimulator
		{896D40B3-FB5C-4E68-AFAA-C285DE9CB05E}.Release|Any CPU.Build.0 = Release|iPhoneSimulator
		{896D40B3-FB5C-4E68-AFAA-C285DE9CB05E}.Release|Any CPU.Deploy.0 = Release|iPhoneSimulator
		{896D40B3-FB5C-4E68-AFAA-C285DE9CB05E}.Release|iPhone.ActiveCfg = Release|iPhone
		{896D40B3-FB5C-4E68-AFAA-C285DE9CB05E}.Release|iPhone.Build.0 = Release|iPhone
		{896D40B3-FB5C-4E68-AFAA-C285DE9CB05E}.Release|iPhone.Deploy.0 = Release|iPhone
		{896D40B3-FB5C-4E68-AFAA-C285DE9CB05E}.Release|iPhoneSimulator.ActiveCfg = Release|iPhoneSimulator
		{896D40B3-FB5C-4E68-AFAA-C285DE9CB05E}.Release|iPhoneSimulator.Build.0 = Release|iPhoneSimulator
		{896D40B3-FB5C-4E68-AFAA-C285DE9CB05E}.Release|iPhoneSimulator.Deploy.0 = Release|iPhoneSimulator
		{FCDD0985-E392-4156-9CC0-D460D75FA134}.Debug|Any CPU.ActiveCfg = Debug|Any CPU
		{FCDD0985-E392-4156-9CC0-D460D75FA134}.Debug|Any CPU.Build.0 = Debug|Any CPU
		{FCDD0985-E392-4156-9CC0-D460D75FA134}.Debug|Any CPU.Deploy.0 = Debug|Any CPU
		{FCDD0985-E392-4156-9CC0-D460D75FA134}.Debug|iPhone.ActiveCfg = Debug|Any CPU
		{FCDD0985-E392-4156-9CC0-D460D75FA134}.Debug|iPhone.Build.0 = Debug|Any CPU
		{FCDD0985-E392-4156-9CC0-D460D75FA134}.Debug|iPhone.Deploy.0 = Debug|Any CPU
		{FCDD0985-E392-4156-9CC0-D460D75FA134}.Debug|iPhoneSimulator.ActiveCfg = Debug|Any CPU
		{FCDD0985-E392-4156-9CC0-D460D75FA134}.Debug|iPhoneSimulator.Build.0 = Debug|Any CPU
		{FCDD0985-E392-4156-9CC0-D460D75FA134}.Debug|iPhoneSimulator.Deploy.0 = Debug|Any CPU
		{FCDD0985-E392-4156-9CC0-D460D75FA134}.Release|Any CPU.ActiveCfg = Release|Any CPU
		{FCDD0985-E392-4156-9CC0-D460D75FA134}.Release|Any CPU.Build.0 = Release|Any CPU
		{FCDD0985-E392-4156-9CC0-D460D75FA134}.Release|Any CPU.Deploy.0 = Release|Any CPU
		{FCDD0985-E392-4156-9CC0-D460D75FA134}.Release|iPhone.ActiveCfg = Release|Any CPU
		{FCDD0985-E392-4156-9CC0-D460D75FA134}.Release|iPhone.Build.0 = Release|Any CPU
		{FCDD0985-E392-4156-9CC0-D460D75FA134}.Release|iPhone.Deploy.0 = Release|Any CPU
		{FCDD0985-E392-4156-9CC0-D460D75FA134}.Release|iPhoneSimulator.ActiveCfg = Release|Any CPU
		{FCDD0985-E392-4156-9CC0-D460D75FA134}.Release|iPhoneSimulator.Build.0 = Release|Any CPU
		{FCDD0985-E392-4156-9CC0-D460D75FA134}.Release|iPhoneSimulator.Deploy.0 = Release|Any CPU
	EndGlobalSection
	GlobalSection(SolutionProperties) = preSolution
		HideSolutionNode = FALSE
	EndGlobalSection
	GlobalSection(ExtensibilityGlobals) = postSolution
		SolutionGuid = {B8CD4350-5957-468E-9477-7A584F8C08B7}
	EndGlobalSection
EndGlobal
